// !$*UTF8*$!
{
	archiveVersion = 1;
	classes = {
	};
	objectVersion = 52;
	objects = {

/* Begin PBXBuildFile section */
		A5110D03265C72F5009FE81A /* BackendConnection.swift in Sources */ = {isa = PBXBuildFile; fileRef = A5110D02265C72F5009FE81A /* BackendConnection.swift */; };
		A5110D0C265C7352009FE81A /* SetupRequestWorker.swift in Sources */ = {isa = PBXBuildFile; fileRef = A5110D0B265C7352009FE81A /* SetupRequestWorker.swift */; };
		A5110D20265C760C009FE81A /* BackendURLWorker.swift in Sources */ = {isa = PBXBuildFile; fileRef = A5110D1F265C760C009FE81A /* BackendURLWorker.swift */; };
		A5110D33265C8246009FE81A /* PopularMoviesWorker.swift in Sources */ = {isa = PBXBuildFile; fileRef = A5110D32265C8246009FE81A /* PopularMoviesWorker.swift */; };
		A5110D3C265C828A009FE81A /* URLSession+Extension.swift in Sources */ = {isa = PBXBuildFile; fileRef = A5110D3B265C828A009FE81A /* URLSession+Extension.swift */; };
		A5110D44265C8715009FE81A /* MoviesResponse.swift in Sources */ = {isa = PBXBuildFile; fileRef = A5110D43265C8715009FE81A /* MoviesResponse.swift */; };
		A5110D4F265C8CCF009FE81A /* BaseWorker.swift in Sources */ = {isa = PBXBuildFile; fileRef = A5110D4E265C8CCF009FE81A /* BaseWorker.swift */; };
		A5110D56265C8DDB009FE81A /* TopRatedMoviesWorker.swift in Sources */ = {isa = PBXBuildFile; fileRef = A5110D55265C8DDB009FE81A /* TopRatedMoviesWorker.swift */; };
		A5110D5E265C8E64009FE81A /* UpcomingWorker.swift in Sources */ = {isa = PBXBuildFile; fileRef = A5110D5D265C8E64009FE81A /* UpcomingWorker.swift */; };
		A5110D68265C8ED7009FE81A /* NowPlayingMoviesWorker.swift in Sources */ = {isa = PBXBuildFile; fileRef = A5110D67265C8ED7009FE81A /* NowPlayingMoviesWorker.swift */; };
		A5110D74265C94AA009FE81A /* MovieCreditsWorker.swift in Sources */ = {isa = PBXBuildFile; fileRef = A5110D73265C94AA009FE81A /* MovieCreditsWorker.swift */; };
		A5110D82265C95C3009FE81A /* MovieCredits.swift in Sources */ = {isa = PBXBuildFile; fileRef = A5110D81265C95C3009FE81A /* MovieCredits.swift */; };
		A5110D8E265C9AD8009FE81A /* MovieImageWorker.swift in Sources */ = {isa = PBXBuildFile; fileRef = A5110D8D265C9AD8009FE81A /* MovieImageWorker.swift */; };
		A5110D93265C9B30009FE81A /* MovieImages.swift in Sources */ = {isa = PBXBuildFile; fileRef = A5110D92265C9B30009FE81A /* MovieImages.swift */; };
		A5110DA2265C9F30009FE81A /* DownloadImageWorker.swift in Sources */ = {isa = PBXBuildFile; fileRef = A5110DA1265C9F30009FE81A /* DownloadImageWorker.swift */; };
		A5110DAB265CA1D1009FE81A /* PersonDetailWorker.swift in Sources */ = {isa = PBXBuildFile; fileRef = A5110DAA265CA1D1009FE81A /* PersonDetailWorker.swift */; };
		A5110DB0265CA53E009FE81A /* PersonDetail.swift in Sources */ = {isa = PBXBuildFile; fileRef = A5110DAF265CA53E009FE81A /* PersonDetail.swift */; };
		A5110DBF265CBFCB009FE81A /* Kingfisher in Frameworks */ = {isa = PBXBuildFile; productRef = A5110DBE265CBFCB009FE81A /* Kingfisher */; };
		A5110DC5265D4315009FE81A /* HomeView.swift in Sources */ = {isa = PBXBuildFile; fileRef = A5110DC4265D4315009FE81A /* HomeView.swift */; };
		A5110DCA265D45D4009FE81A /* TabBarView.swift in Sources */ = {isa = PBXBuildFile; fileRef = A5110DC9265D45D4009FE81A /* TabBarView.swift */; };
		A5110DD2265D4D7A009FE81A /* Tab.swift in Sources */ = {isa = PBXBuildFile; fileRef = A5110DD1265D4D79009FE81A /* Tab.swift */; };
		A5110DDC265D537F009FE81A /* MovieMinitureView.swift in Sources */ = {isa = PBXBuildFile; fileRef = A5110DDB265D537F009FE81A /* MovieMinitureView.swift */; };
		A56A929D26603A4E00CEB47E /* ProfileViewModel.swift in Sources */ = {isa = PBXBuildFile; fileRef = A56A929C26603A4E00CEB47E /* ProfileViewModel.swift */; };
		A56BF798265C70FB0085CD29 /* MoviesXApp.swift in Sources */ = {isa = PBXBuildFile; fileRef = A56BF797265C70FB0085CD29 /* MoviesXApp.swift */; };
		A56BF79C265C70FE0085CD29 /* Assets.xcassets in Resources */ = {isa = PBXBuildFile; fileRef = A56BF79B265C70FE0085CD29 /* Assets.xcassets */; };
		A56BF79F265C70FE0085CD29 /* Preview Assets.xcassets in Resources */ = {isa = PBXBuildFile; fileRef = A56BF79E265C70FE0085CD29 /* Preview Assets.xcassets */; };
		A56BF7A4265C70FE0085CD29 /* MoviesX.xcdatamodeld in Sources */ = {isa = PBXBuildFile; fileRef = A56BF7A2265C70FE0085CD29 /* MoviesX.xcdatamodeld */; };
		A56BF7AF265C70FE0085CD29 /* MoviesXTests.swift in Sources */ = {isa = PBXBuildFile; fileRef = A56BF7AE265C70FE0085CD29 /* MoviesXTests.swift */; };
		A56BF7BA265C70FE0085CD29 /* MoviesXUITests.swift in Sources */ = {isa = PBXBuildFile; fileRef = A56BF7B9265C70FE0085CD29 /* MoviesXUITests.swift */; };
		A5D87F9B265DF82A00CC70B4 /* HomeViewModel.swift in Sources */ = {isa = PBXBuildFile; fileRef = A5D87F9A265DF82A00CC70B4 /* HomeViewModel.swift */; };
		A5D87FA6265EAEA800CC70B4 /* LoaderView.swift in Sources */ = {isa = PBXBuildFile; fileRef = A5D87FA5265EAEA800CC70B4 /* LoaderView.swift */; };
		A5D87FB2265ECF9E00CC70B4 /* Localizable.strings in Resources */ = {isa = PBXBuildFile; fileRef = A5D87FB4265ECF9E00CC70B4 /* Localizable.strings */; };
		A5D87FBD265ECFF500CC70B4 /* String+Extension.swift in Sources */ = {isa = PBXBuildFile; fileRef = A5D87FBC265ECFF500CC70B4 /* String+Extension.swift */; };
		A5D87FC5265EE2D700CC70B4 /* MovieType.swift in Sources */ = {isa = PBXBuildFile; fileRef = A5D87FC4265EE2D700CC70B4 /* MovieType.swift */; };
		A5D87FE9265F403200CC70B4 /* HomeViewModelTest.swift in Sources */ = {isa = PBXBuildFile; fileRef = A5D87FE8265F403200CC70B4 /* HomeViewModelTest.swift */; };
		A5D87FEE265F421500CC70B4 /* MockPopularMoviesWorker.swift in Sources */ = {isa = PBXBuildFile; fileRef = A5D87FED265F421500CC70B4 /* MockPopularMoviesWorker.swift */; };
		A5D87FF7265FF41200CC70B4 /* DetailMovieView.swift in Sources */ = {isa = PBXBuildFile; fileRef = A5D87FF6265FF41200CC70B4 /* DetailMovieView.swift */; };
		A5D87FFF2660170500CC70B4 /* DetailMovieViewModel.swift in Sources */ = {isa = PBXBuildFile; fileRef = A5D87FFE2660170500CC70B4 /* DetailMovieViewModel.swift */; };
		A5D88004266017DF00CC70B4 /* CastMovieResponse.swift in Sources */ = {isa = PBXBuildFile; fileRef = A5D88003266017DF00CC70B4 /* CastMovieResponse.swift */; };
		A5D8800A266019E900CC70B4 /* CastingWorker.swift in Sources */ = {isa = PBXBuildFile; fileRef = A5D88009266019E900CC70B4 /* CastingWorker.swift */; };
		A5D8801626602D8F00CC70B4 /* ProfileView.swift in Sources */ = {isa = PBXBuildFile; fileRef = A5D8801526602D8F00CC70B4 /* ProfileView.swift */; };
		A5DF2AA0265D7B3300E56814 /* View+Extension.swift in Sources */ = {isa = PBXBuildFile; fileRef = A5DF2A9F265D7B3300E56814 /* View+Extension.swift */; };
		A5DF2AA9265D7BAB00E56814 /* NavigationBarModifier.swift in Sources */ = {isa = PBXBuildFile; fileRef = A5DF2AA8265D7BAB00E56814 /* NavigationBarModifier.swift */; };
		A5ED0E3E26608F2B00761C94 /* MockTopRatedMoviesWorker.swift in Sources */ = {isa = PBXBuildFile; fileRef = A5ED0E3D26608F2B00761C94 /* MockTopRatedMoviesWorker.swift */; };
		A5ED0E4D26609A5500761C94 /* MockUpcomingMoviesWorker.swift in Sources */ = {isa = PBXBuildFile; fileRef = A5ED0E4C26609A5500761C94 /* MockUpcomingMoviesWorker.swift */; };
		A5ED0E5526609F5C00761C94 /* MockNowPlayingMoviesWorker.swift in Sources */ = {isa = PBXBuildFile; fileRef = A5ED0E5426609F5C00761C94 /* MockNowPlayingMoviesWorker.swift */; };
		A5ED0E5B2660A7F600761C94 /* MovieDetailTest.swift in Sources */ = {isa = PBXBuildFile; fileRef = A5ED0E5A2660A7F600761C94 /* MovieDetailTest.swift */; };
/* End PBXBuildFile section */

/* Begin PBXContainerItemProxy section */
		A56BF7AB265C70FE0085CD29 /* PBXContainerItemProxy */ = {
			isa = PBXContainerItemProxy;
			containerPortal = A56BF78C265C70FB0085CD29 /* Project object */;
			proxyType = 1;
			remoteGlobalIDString = A56BF793265C70FB0085CD29;
			remoteInfo = MoviesX;
		};
		A56BF7B6265C70FE0085CD29 /* PBXContainerItemProxy */ = {
			isa = PBXContainerItemProxy;
			containerPortal = A56BF78C265C70FB0085CD29 /* Project object */;
			proxyType = 1;
			remoteGlobalIDString = A56BF793265C70FB0085CD29;
			remoteInfo = MoviesX;
		};
/* End PBXContainerItemProxy section */

/* Begin PBXFileReference section */
		A5110D02265C72F5009FE81A /* BackendConnection.swift */ = {isa = PBXFileReference; lastKnownFileType = sourcecode.swift; path = BackendConnection.swift; sourceTree = "<group>"; };
		A5110D0B265C7352009FE81A /* SetupRequestWorker.swift */ = {isa = PBXFileReference; fileEncoding = 4; lastKnownFileType = sourcecode.swift; path = SetupRequestWorker.swift; sourceTree = "<group>"; };
		A5110D1F265C760C009FE81A /* BackendURLWorker.swift */ = {isa = PBXFileReference; fileEncoding = 4; lastKnownFileType = sourcecode.swift; path = BackendURLWorker.swift; sourceTree = "<group>"; };
		A5110D26265C7E77009FE81A /* Debug.xcconfig */ = {isa = PBXFileReference; lastKnownFileType = text.xcconfig; path = Debug.xcconfig; sourceTree = "<group>"; };
		A5110D2A265C7EFA009FE81A /* Release.xcconfig */ = {isa = PBXFileReference; lastKnownFileType = text.xcconfig; path = Release.xcconfig; sourceTree = "<group>"; };
		A5110D32265C8246009FE81A /* PopularMoviesWorker.swift */ = {isa = PBXFileReference; lastKnownFileType = sourcecode.swift; path = PopularMoviesWorker.swift; sourceTree = "<group>"; };
		A5110D3B265C828A009FE81A /* URLSession+Extension.swift */ = {isa = PBXFileReference; lastKnownFileType = sourcecode.swift; path = "URLSession+Extension.swift"; sourceTree = "<group>"; };
		A5110D43265C8715009FE81A /* MoviesResponse.swift */ = {isa = PBXFileReference; lastKnownFileType = sourcecode.swift; path = MoviesResponse.swift; sourceTree = "<group>"; };
		A5110D4E265C8CCF009FE81A /* BaseWorker.swift */ = {isa = PBXFileReference; lastKnownFileType = sourcecode.swift; path = BaseWorker.swift; sourceTree = "<group>"; };
		A5110D55265C8DDB009FE81A /* TopRatedMoviesWorker.swift */ = {isa = PBXFileReference; lastKnownFileType = sourcecode.swift; path = TopRatedMoviesWorker.swift; sourceTree = "<group>"; };
		A5110D5D265C8E64009FE81A /* UpcomingWorker.swift */ = {isa = PBXFileReference; lastKnownFileType = sourcecode.swift; path = UpcomingWorker.swift; sourceTree = "<group>"; };
		A5110D67265C8ED7009FE81A /* NowPlayingMoviesWorker.swift */ = {isa = PBXFileReference; lastKnownFileType = sourcecode.swift; path = NowPlayingMoviesWorker.swift; sourceTree = "<group>"; };
		A5110D73265C94AA009FE81A /* MovieCreditsWorker.swift */ = {isa = PBXFileReference; lastKnownFileType = sourcecode.swift; path = MovieCreditsWorker.swift; sourceTree = "<group>"; };
		A5110D81265C95C3009FE81A /* MovieCredits.swift */ = {isa = PBXFileReference; lastKnownFileType = sourcecode.swift; path = MovieCredits.swift; sourceTree = "<group>"; };
		A5110D8D265C9AD8009FE81A /* MovieImageWorker.swift */ = {isa = PBXFileReference; lastKnownFileType = sourcecode.swift; path = MovieImageWorker.swift; sourceTree = "<group>"; };
		A5110D92265C9B30009FE81A /* MovieImages.swift */ = {isa = PBXFileReference; lastKnownFileType = sourcecode.swift; path = MovieImages.swift; sourceTree = "<group>"; };
		A5110DA1265C9F30009FE81A /* DownloadImageWorker.swift */ = {isa = PBXFileReference; lastKnownFileType = sourcecode.swift; path = DownloadImageWorker.swift; sourceTree = "<group>"; };
		A5110DAA265CA1D1009FE81A /* PersonDetailWorker.swift */ = {isa = PBXFileReference; lastKnownFileType = sourcecode.swift; path = PersonDetailWorker.swift; sourceTree = "<group>"; };
		A5110DAF265CA53E009FE81A /* PersonDetail.swift */ = {isa = PBXFileReference; lastKnownFileType = sourcecode.swift; path = PersonDetail.swift; sourceTree = "<group>"; };
		A5110DC4265D4315009FE81A /* HomeView.swift */ = {isa = PBXFileReference; lastKnownFileType = sourcecode.swift; path = HomeView.swift; sourceTree = "<group>"; };
		A5110DC9265D45D4009FE81A /* TabBarView.swift */ = {isa = PBXFileReference; lastKnownFileType = sourcecode.swift; path = TabBarView.swift; sourceTree = "<group>"; };
		A5110DD1265D4D79009FE81A /* Tab.swift */ = {isa = PBXFileReference; lastKnownFileType = sourcecode.swift; path = Tab.swift; sourceTree = "<group>"; };
		A5110DDB265D537F009FE81A /* MovieMinitureView.swift */ = {isa = PBXFileReference; lastKnownFileType = sourcecode.swift; path = MovieMinitureView.swift; sourceTree = "<group>"; };
		A56A929C26603A4E00CEB47E /* ProfileViewModel.swift */ = {isa = PBXFileReference; lastKnownFileType = sourcecode.swift; path = ProfileViewModel.swift; sourceTree = "<group>"; };
		A56BF794265C70FB0085CD29 /* MoviesX.app */ = {isa = PBXFileReference; explicitFileType = wrapper.application; includeInIndex = 0; path = MoviesX.app; sourceTree = BUILT_PRODUCTS_DIR; };
		A56BF797265C70FB0085CD29 /* MoviesXApp.swift */ = {isa = PBXFileReference; lastKnownFileType = sourcecode.swift; path = MoviesXApp.swift; sourceTree = "<group>"; };
		A56BF79B265C70FE0085CD29 /* Assets.xcassets */ = {isa = PBXFileReference; lastKnownFileType = folder.assetcatalog; path = Assets.xcassets; sourceTree = "<group>"; };
		A56BF79E265C70FE0085CD29 /* Preview Assets.xcassets */ = {isa = PBXFileReference; lastKnownFileType = folder.assetcatalog; path = "Preview Assets.xcassets"; sourceTree = "<group>"; };
		A56BF7A3265C70FE0085CD29 /* MoviesX.xcdatamodel */ = {isa = PBXFileReference; lastKnownFileType = wrapper.xcdatamodel; path = MoviesX.xcdatamodel; sourceTree = "<group>"; };
		A56BF7A5265C70FE0085CD29 /* Info.plist */ = {isa = PBXFileReference; lastKnownFileType = text.plist.xml; path = Info.plist; sourceTree = "<group>"; };
		A56BF7AA265C70FE0085CD29 /* MoviesXTests.xctest */ = {isa = PBXFileReference; explicitFileType = wrapper.cfbundle; includeInIndex = 0; path = MoviesXTests.xctest; sourceTree = BUILT_PRODUCTS_DIR; };
		A56BF7AE265C70FE0085CD29 /* MoviesXTests.swift */ = {isa = PBXFileReference; lastKnownFileType = sourcecode.swift; path = MoviesXTests.swift; sourceTree = "<group>"; };
		A56BF7B0265C70FE0085CD29 /* Info.plist */ = {isa = PBXFileReference; lastKnownFileType = text.plist.xml; path = Info.plist; sourceTree = "<group>"; };
		A56BF7B5265C70FE0085CD29 /* MoviesXUITests.xctest */ = {isa = PBXFileReference; explicitFileType = wrapper.cfbundle; includeInIndex = 0; path = MoviesXUITests.xctest; sourceTree = BUILT_PRODUCTS_DIR; };
		A56BF7B9265C70FE0085CD29 /* MoviesXUITests.swift */ = {isa = PBXFileReference; lastKnownFileType = sourcecode.swift; path = MoviesXUITests.swift; sourceTree = "<group>"; };
		A56BF7BB265C70FE0085CD29 /* Info.plist */ = {isa = PBXFileReference; lastKnownFileType = text.plist.xml; path = Info.plist; sourceTree = "<group>"; };
		A5D87F9A265DF82A00CC70B4 /* HomeViewModel.swift */ = {isa = PBXFileReference; lastKnownFileType = sourcecode.swift; path = HomeViewModel.swift; sourceTree = "<group>"; };
		A5D87FA5265EAEA800CC70B4 /* LoaderView.swift */ = {isa = PBXFileReference; lastKnownFileType = sourcecode.swift; path = LoaderView.swift; sourceTree = "<group>"; };
		A5D87FB3265ECF9E00CC70B4 /* en */ = {isa = PBXFileReference; lastKnownFileType = text.plist.strings; name = en; path = en.lproj/Localizable.strings; sourceTree = "<group>"; };
		A5D87FB8265ECFBE00CC70B4 /* es */ = {isa = PBXFileReference; lastKnownFileType = text.plist.strings; name = es; path = es.lproj/Localizable.strings; sourceTree = "<group>"; };
		A5D87FBC265ECFF500CC70B4 /* String+Extension.swift */ = {isa = PBXFileReference; lastKnownFileType = sourcecode.swift; path = "String+Extension.swift"; sourceTree = "<group>"; };
		A5D87FC4265EE2D700CC70B4 /* MovieType.swift */ = {isa = PBXFileReference; lastKnownFileType = sourcecode.swift; path = MovieType.swift; sourceTree = "<group>"; };
		A5D87FE8265F403200CC70B4 /* HomeViewModelTest.swift */ = {isa = PBXFileReference; lastKnownFileType = sourcecode.swift; path = HomeViewModelTest.swift; sourceTree = "<group>"; };
		A5D87FED265F421500CC70B4 /* MockPopularMoviesWorker.swift */ = {isa = PBXFileReference; lastKnownFileType = sourcecode.swift; path = MockPopularMoviesWorker.swift; sourceTree = "<group>"; };
		A5D87FF6265FF41200CC70B4 /* DetailMovieView.swift */ = {isa = PBXFileReference; lastKnownFileType = sourcecode.swift; path = DetailMovieView.swift; sourceTree = "<group>"; };
		A5D87FFE2660170500CC70B4 /* DetailMovieViewModel.swift */ = {isa = PBXFileReference; lastKnownFileType = sourcecode.swift; path = DetailMovieViewModel.swift; sourceTree = "<group>"; };
		A5D88003266017DF00CC70B4 /* CastMovieResponse.swift */ = {isa = PBXFileReference; lastKnownFileType = sourcecode.swift; path = CastMovieResponse.swift; sourceTree = "<group>"; };
		A5D88009266019E900CC70B4 /* CastingWorker.swift */ = {isa = PBXFileReference; lastKnownFileType = sourcecode.swift; path = CastingWorker.swift; sourceTree = "<group>"; };
		A5D8801526602D8F00CC70B4 /* ProfileView.swift */ = {isa = PBXFileReference; lastKnownFileType = sourcecode.swift; path = ProfileView.swift; sourceTree = "<group>"; };
		A5DF2A9F265D7B3300E56814 /* View+Extension.swift */ = {isa = PBXFileReference; lastKnownFileType = sourcecode.swift; path = "View+Extension.swift"; sourceTree = "<group>"; };
		A5DF2AA8265D7BAB00E56814 /* NavigationBarModifier.swift */ = {isa = PBXFileReference; lastKnownFileType = sourcecode.swift; path = NavigationBarModifier.swift; sourceTree = "<group>"; };
		A5ED0E3D26608F2B00761C94 /* MockTopRatedMoviesWorker.swift */ = {isa = PBXFileReference; lastKnownFileType = sourcecode.swift; path = MockTopRatedMoviesWorker.swift; sourceTree = "<group>"; };
		A5ED0E4C26609A5500761C94 /* MockUpcomingMoviesWorker.swift */ = {isa = PBXFileReference; lastKnownFileType = sourcecode.swift; path = MockUpcomingMoviesWorker.swift; sourceTree = "<group>"; };
		A5ED0E5426609F5C00761C94 /* MockNowPlayingMoviesWorker.swift */ = {isa = PBXFileReference; lastKnownFileType = sourcecode.swift; path = MockNowPlayingMoviesWorker.swift; sourceTree = "<group>"; };
		A5ED0E5A2660A7F600761C94 /* MovieDetailTest.swift */ = {isa = PBXFileReference; lastKnownFileType = sourcecode.swift; path = MovieDetailTest.swift; sourceTree = "<group>"; };
/* End PBXFileReference section */

/* Begin PBXFrameworksBuildPhase section */
		A56BF791265C70FB0085CD29 /* Frameworks */ = {
			isa = PBXFrameworksBuildPhase;
			buildActionMask = 2147483647;
			files = (
				A5110DBF265CBFCB009FE81A /* Kingfisher in Frameworks */,
			);
			runOnlyForDeploymentPostprocessing = 0;
		};
		A56BF7A7265C70FE0085CD29 /* Frameworks */ = {
			isa = PBXFrameworksBuildPhase;
			buildActionMask = 2147483647;
			files = (
			);
			runOnlyForDeploymentPostprocessing = 0;
		};
		A56BF7B2265C70FE0085CD29 /* Frameworks */ = {
			isa = PBXFrameworksBuildPhase;
			buildActionMask = 2147483647;
			files = (
			);
			runOnlyForDeploymentPostprocessing = 0;
		};
/* End PBXFrameworksBuildPhase section */

/* Begin PBXGroup section */
		A5110D01265C7291009FE81A /* Workers */ = {
			isa = PBXGroup;
			children = (
				A5110D02265C72F5009FE81A /* BackendConnection.swift */,
				A5110D4E265C8CCF009FE81A /* BaseWorker.swift */,
				A5110D0A265C7352009FE81A /* SetupRequest */,
				A5110D1E265C760C009FE81A /* URL Handler */,
				A5110D31265C822A009FE81A /* PopularMoviesWorker */,
				A5110D54265C8D84009FE81A /* TopRatedMoviesWorker */,
				A5110D62265C8E69009FE81A /* UpcomingWorker */,
				A5110D66265C8EC0009FE81A /* NowPlayingaMoviesWorker */,
				A5110D72265C9488009FE81A /* MovieCreditsWorker */,
				A5110D89265C9948009FE81A /* MovieImagesWorker */,
				A5110DA0265C9F07009FE81A /* DownloadImageWorker */,
				A5110DA9265CA13B009FE81A /* PersonDetailWorker */,
				A5D88008266019D300CC70B4 /* CastingWorker */,
			);
			path = Workers;
			sourceTree = "<group>";
		};
		A5110D0A265C7352009FE81A /* SetupRequest */ = {
			isa = PBXGroup;
			children = (
				A5110D0B265C7352009FE81A /* SetupRequestWorker.swift */,
			);
			path = SetupRequest;
			sourceTree = "<group>";
		};
		A5110D1D265C7512009FE81A /* Resources */ = {
			isa = PBXGroup;
			children = (
				A56BF79B265C70FE0085CD29 /* Assets.xcassets */,
				A5D87FB4265ECF9E00CC70B4 /* Localizable.strings */,
			);
			path = Resources;
			sourceTree = "<group>";
		};
		A5110D1E265C760C009FE81A /* URL Handler */ = {
			isa = PBXGroup;
			children = (
				A5110D1F265C760C009FE81A /* BackendURLWorker.swift */,
			);
			path = "URL Handler";
			sourceTree = "<group>";
		};
		A5110D24265C7C96009FE81A /* Models */ = {
			isa = PBXGroup;
			children = (
				A5110D43265C8715009FE81A /* MoviesResponse.swift */,
				A5110D81265C95C3009FE81A /* MovieCredits.swift */,
				A5110D92265C9B30009FE81A /* MovieImages.swift */,
				A5110DAF265CA53E009FE81A /* PersonDetail.swift */,
				A5110DD1265D4D79009FE81A /* Tab.swift */,
				A5D88003266017DF00CC70B4 /* CastMovieResponse.swift */,
			);
			path = Models;
			sourceTree = "<group>";
		};
		A5110D25265C7CA5009FE81A /* Scenes */ = {
			isa = PBXGroup;
			children = (
				A5110DD6265D4EF6009FE81A /* Home */,
				A5D87FF5265FF3E500CC70B4 /* DetailMovie */,
				A5D8801A26602D9300CC70B4 /* Profile */,
			);
			path = Scenes;
			sourceTree = "<group>";
		};
		A5110D31265C822A009FE81A /* PopularMoviesWorker */ = {
			isa = PBXGroup;
			children = (
				A5110D32265C8246009FE81A /* PopularMoviesWorker.swift */,
			);
			path = PopularMoviesWorker;
			sourceTree = "<group>";
		};
		A5110D3A265C8267009FE81A /* Utils */ = {
			isa = PBXGroup;
			children = (
				A5DF2AA7265D7B9900E56814 /* Modifiers */,
				A5110DD7265D4F04009FE81A /* Views */,
				A5DF2A9E265D7ADD00E56814 /* Extensions */,
				A5D87FC9265EE2DB00CC70B4 /* Enum */,
			);
			path = Utils;
			sourceTree = "<group>";
		};
		A5110D54265C8D84009FE81A /* TopRatedMoviesWorker */ = {
			isa = PBXGroup;
			children = (
				A5110D55265C8DDB009FE81A /* TopRatedMoviesWorker.swift */,
			);
			path = TopRatedMoviesWorker;
			sourceTree = "<group>";
		};
		A5110D62265C8E69009FE81A /* UpcomingWorker */ = {
			isa = PBXGroup;
			children = (
				A5110D5D265C8E64009FE81A /* UpcomingWorker.swift */,
			);
			path = UpcomingWorker;
			sourceTree = "<group>";
		};
		A5110D66265C8EC0009FE81A /* NowPlayingaMoviesWorker */ = {
			isa = PBXGroup;
			children = (
				A5110D67265C8ED7009FE81A /* NowPlayingMoviesWorker.swift */,
			);
			path = NowPlayingaMoviesWorker;
			sourceTree = "<group>";
		};
		A5110D72265C9488009FE81A /* MovieCreditsWorker */ = {
			isa = PBXGroup;
			children = (
				A5110D73265C94AA009FE81A /* MovieCreditsWorker.swift */,
			);
			path = MovieCreditsWorker;
			sourceTree = "<group>";
		};
		A5110D89265C9948009FE81A /* MovieImagesWorker */ = {
			isa = PBXGroup;
			children = (
				A5110D8D265C9AD8009FE81A /* MovieImageWorker.swift */,
			);
			path = MovieImagesWorker;
			sourceTree = "<group>";
		};
		A5110DA0265C9F07009FE81A /* DownloadImageWorker */ = {
			isa = PBXGroup;
			children = (
				A5110DA1265C9F30009FE81A /* DownloadImageWorker.swift */,
			);
			path = DownloadImageWorker;
			sourceTree = "<group>";
		};
		A5110DA9265CA13B009FE81A /* PersonDetailWorker */ = {
			isa = PBXGroup;
			children = (
				A5110DAA265CA1D1009FE81A /* PersonDetailWorker.swift */,
			);
			path = PersonDetailWorker;
			sourceTree = "<group>";
		};
		A5110DD6265D4EF6009FE81A /* Home */ = {
			isa = PBXGroup;
			children = (
				A5110DC4265D4315009FE81A /* HomeView.swift */,
				A5D87F9A265DF82A00CC70B4 /* HomeViewModel.swift */,
				A5110DDB265D537F009FE81A /* MovieMinitureView.swift */,
			);
			path = Home;
			sourceTree = "<group>";
		};
		A5110DD7265D4F04009FE81A /* Views */ = {
			isa = PBXGroup;
			children = (
				A5110DC9265D45D4009FE81A /* TabBarView.swift */,
				A5D87FA5265EAEA800CC70B4 /* LoaderView.swift */,
			);
			path = Views;
			sourceTree = "<group>";
		};
		A56BF78B265C70FB0085CD29 = {
			isa = PBXGroup;
			children = (
				A56BF796265C70FB0085CD29 /* MoviesX */,
				A56BF7AD265C70FE0085CD29 /* MoviesXTests */,
				A56BF7B8265C70FE0085CD29 /* MoviesXUITests */,
				A56BF795265C70FB0085CD29 /* Products */,
			);
			sourceTree = "<group>";
		};
		A56BF795265C70FB0085CD29 /* Products */ = {
			isa = PBXGroup;
			children = (
				A56BF794265C70FB0085CD29 /* MoviesX.app */,
				A56BF7AA265C70FE0085CD29 /* MoviesXTests.xctest */,
				A56BF7B5265C70FE0085CD29 /* MoviesXUITests.xctest */,
			);
			name = Products;
			sourceTree = "<group>";
		};
		A56BF796265C70FB0085CD29 /* MoviesX */ = {
			isa = PBXGroup;
			children = (
				A5110D3A265C8267009FE81A /* Utils */,
				A5110D24265C7C96009FE81A /* Models */,
				A5110D25265C7CA5009FE81A /* Scenes */,
				A5110D1D265C7512009FE81A /* Resources */,
				A5110D01265C7291009FE81A /* Workers */,
				A56BF797265C70FB0085CD29 /* MoviesXApp.swift */,
				A5110D2A265C7EFA009FE81A /* Release.xcconfig */,
				A5110D26265C7E77009FE81A /* Debug.xcconfig */,
				A56BF7A5265C70FE0085CD29 /* Info.plist */,
				A56BF7A2265C70FE0085CD29 /* MoviesX.xcdatamodeld */,
				A56BF79D265C70FE0085CD29 /* Preview Content */,
			);
			path = MoviesX;
			sourceTree = "<group>";
		};
		A56BF79D265C70FE0085CD29 /* Preview Content */ = {
			isa = PBXGroup;
			children = (
				A56BF79E265C70FE0085CD29 /* Preview Assets.xcassets */,
			);
			path = "Preview Content";
			sourceTree = "<group>";
		};
		A56BF7AD265C70FE0085CD29 /* MoviesXTests */ = {
			isa = PBXGroup;
			children = (
				A5ED0E592660A7B200761C94 /* DetailMovie */,
				A5ED0E4226608FD700761C94 /* Home */,
				A56BF7AE265C70FE0085CD29 /* MoviesXTests.swift */,
				A56BF7B0265C70FE0085CD29 /* Info.plist */,
			);
			path = MoviesXTests;
			sourceTree = "<group>";
		};
		A56BF7B8265C70FE0085CD29 /* MoviesXUITests */ = {
			isa = PBXGroup;
			children = (
				A56BF7B9265C70FE0085CD29 /* MoviesXUITests.swift */,
				A56BF7BB265C70FE0085CD29 /* Info.plist */,
			);
			path = MoviesXUITests;
			sourceTree = "<group>";
		};
		A5D87FC9265EE2DB00CC70B4 /* Enum */ = {
			isa = PBXGroup;
			children = (
				A5D87FC4265EE2D700CC70B4 /* MovieType.swift */,
			);
			path = Enum;
			sourceTree = "<group>";
		};
		A5D87FF5265FF3E500CC70B4 /* DetailMovie */ = {
			isa = PBXGroup;
			children = (
				A5D87FF6265FF41200CC70B4 /* DetailMovieView.swift */,
				A5D87FFE2660170500CC70B4 /* DetailMovieViewModel.swift */,
			);
			path = DetailMovie;
			sourceTree = "<group>";
		};
		A5D88008266019D300CC70B4 /* CastingWorker */ = {
			isa = PBXGroup;
			children = (
				A5D88009266019E900CC70B4 /* CastingWorker.swift */,
			);
			path = CastingWorker;
			sourceTree = "<group>";
		};
		A5D8801A26602D9300CC70B4 /* Profile */ = {
			isa = PBXGroup;
			children = (
				A5D8801526602D8F00CC70B4 /* ProfileView.swift */,
				A56A929C26603A4E00CEB47E /* ProfileViewModel.swift */,
			);
			path = Profile;
			sourceTree = "<group>";
		};
		A5DF2A9E265D7ADD00E56814 /* Extensions */ = {
			isa = PBXGroup;
			children = (
				A5110D3B265C828A009FE81A /* URLSession+Extension.swift */,
				A5DF2A9F265D7B3300E56814 /* View+Extension.swift */,
				A5D87FBC265ECFF500CC70B4 /* String+Extension.swift */,
			);
			path = Extensions;
			sourceTree = "<group>";
		};
		A5DF2AA7265D7B9900E56814 /* Modifiers */ = {
			isa = PBXGroup;
			children = (
				A5DF2AA8265D7BAB00E56814 /* NavigationBarModifier.swift */,
			);
			path = Modifiers;
			sourceTree = "<group>";
		};
		A5ED0E4226608FD700761C94 /* Home */ = {
			isa = PBXGroup;
			children = (
				A5D87FE8265F403200CC70B4 /* HomeViewModelTest.swift */,
				A5D87FED265F421500CC70B4 /* MockPopularMoviesWorker.swift */,
				A5ED0E3D26608F2B00761C94 /* MockTopRatedMoviesWorker.swift */,
				A5ED0E4C26609A5500761C94 /* MockUpcomingMoviesWorker.swift */,
				A5ED0E5426609F5C00761C94 /* MockNowPlayingMoviesWorker.swift */,
			);
			path = Home;
			sourceTree = "<group>";
		};
		A5ED0E592660A7B200761C94 /* DetailMovie */ = {
			isa = PBXGroup;
			children = (
				A5ED0E5A2660A7F600761C94 /* MovieDetailTest.swift */,
			);
			path = DetailMovie;
			sourceTree = "<group>";
		};
/* End PBXGroup section */

/* Begin PBXNativeTarget section */
		A56BF793265C70FB0085CD29 /* MoviesX */ = {
			isa = PBXNativeTarget;
			buildConfigurationList = A56BF7BE265C70FE0085CD29 /* Build configuration list for PBXNativeTarget "MoviesX" */;
			buildPhases = (
				A56BF790265C70FB0085CD29 /* Sources */,
				A56BF791265C70FB0085CD29 /* Frameworks */,
				A56BF792265C70FB0085CD29 /* Resources */,
			);
			buildRules = (
			);
			dependencies = (
			);
			name = MoviesX;
			packageProductDependencies = (
				A5110DBE265CBFCB009FE81A /* Kingfisher */,
			);
			productName = MoviesX;
			productReference = A56BF794265C70FB0085CD29 /* MoviesX.app */;
			productType = "com.apple.product-type.application";
		};
		A56BF7A9265C70FE0085CD29 /* MoviesXTests */ = {
			isa = PBXNativeTarget;
			buildConfigurationList = A56BF7C1265C70FE0085CD29 /* Build configuration list for PBXNativeTarget "MoviesXTests" */;
			buildPhases = (
				A56BF7A6265C70FE0085CD29 /* Sources */,
				A56BF7A7265C70FE0085CD29 /* Frameworks */,
				A56BF7A8265C70FE0085CD29 /* Resources */,
			);
			buildRules = (
			);
			dependencies = (
				A56BF7AC265C70FE0085CD29 /* PBXTargetDependency */,
			);
			name = MoviesXTests;
			productName = MoviesXTests;
			productReference = A56BF7AA265C70FE0085CD29 /* MoviesXTests.xctest */;
			productType = "com.apple.product-type.bundle.unit-test";
		};
		A56BF7B4265C70FE0085CD29 /* MoviesXUITests */ = {
			isa = PBXNativeTarget;
			buildConfigurationList = A56BF7C4265C70FE0085CD29 /* Build configuration list for PBXNativeTarget "MoviesXUITests" */;
			buildPhases = (
				A56BF7B1265C70FE0085CD29 /* Sources */,
				A56BF7B2265C70FE0085CD29 /* Frameworks */,
				A56BF7B3265C70FE0085CD29 /* Resources */,
			);
			buildRules = (
			);
			dependencies = (
				A56BF7B7265C70FE0085CD29 /* PBXTargetDependency */,
			);
			name = MoviesXUITests;
			productName = MoviesXUITests;
			productReference = A56BF7B5265C70FE0085CD29 /* MoviesXUITests.xctest */;
			productType = "com.apple.product-type.bundle.ui-testing";
		};
/* End PBXNativeTarget section */

/* Begin PBXProject section */
		A56BF78C265C70FB0085CD29 /* Project object */ = {
			isa = PBXProject;
			attributes = {
				LastSwiftUpdateCheck = 1240;
				LastUpgradeCheck = 1240;
				TargetAttributes = {
					A56BF793265C70FB0085CD29 = {
						CreatedOnToolsVersion = 12.4;
					};
					A56BF7A9265C70FE0085CD29 = {
						CreatedOnToolsVersion = 12.4;
						TestTargetID = A56BF793265C70FB0085CD29;
					};
					A56BF7B4265C70FE0085CD29 = {
						CreatedOnToolsVersion = 12.4;
						TestTargetID = A56BF793265C70FB0085CD29;
					};
				};
			};
			buildConfigurationList = A56BF78F265C70FB0085CD29 /* Build configuration list for PBXProject "MoviesX" */;
			compatibilityVersion = "Xcode 9.3";
			developmentRegion = en;
			hasScannedForEncodings = 0;
			knownRegions = (
				en,
				Base,
				es,
			);
			mainGroup = A56BF78B265C70FB0085CD29;
			packageReferences = (
				A5110DBD265CBFCB009FE81A /* XCRemoteSwiftPackageReference "Kingfisher" */,
			);
			productRefGroup = A56BF795265C70FB0085CD29 /* Products */;
			projectDirPath = "";
			projectRoot = "";
			targets = (
				A56BF793265C70FB0085CD29 /* MoviesX */,
				A56BF7A9265C70FE0085CD29 /* MoviesXTests */,
				A56BF7B4265C70FE0085CD29 /* MoviesXUITests */,
			);
		};
/* End PBXProject section */

/* Begin PBXResourcesBuildPhase section */
		A56BF792265C70FB0085CD29 /* Resources */ = {
			isa = PBXResourcesBuildPhase;
			buildActionMask = 2147483647;
			files = (
				A56BF79F265C70FE0085CD29 /* Preview Assets.xcassets in Resources */,
				A5D87FB2265ECF9E00CC70B4 /* Localizable.strings in Resources */,
				A56BF79C265C70FE0085CD29 /* Assets.xcassets in Resources */,
			);
			runOnlyForDeploymentPostprocessing = 0;
		};
		A56BF7A8265C70FE0085CD29 /* Resources */ = {
			isa = PBXResourcesBuildPhase;
			buildActionMask = 2147483647;
			files = (
			);
			runOnlyForDeploymentPostprocessing = 0;
		};
		A56BF7B3265C70FE0085CD29 /* Resources */ = {
			isa = PBXResourcesBuildPhase;
			buildActionMask = 2147483647;
			files = (
			);
			runOnlyForDeploymentPostprocessing = 0;
		};
/* End PBXResourcesBuildPhase section */

/* Begin PBXSourcesBuildPhase section */
		A56BF790265C70FB0085CD29 /* Sources */ = {
			isa = PBXSourcesBuildPhase;
			buildActionMask = 2147483647;
			files = (
				A5110DB0265CA53E009FE81A /* PersonDetail.swift in Sources */,
				A5110D4F265C8CCF009FE81A /* BaseWorker.swift in Sources */,
				A5110DD2265D4D7A009FE81A /* Tab.swift in Sources */,
				A5110D5E265C8E64009FE81A /* UpcomingWorker.swift in Sources */,
				A5110DA2265C9F30009FE81A /* DownloadImageWorker.swift in Sources */,
				A5110DC5265D4315009FE81A /* HomeView.swift in Sources */,
				A5110D03265C72F5009FE81A /* BackendConnection.swift in Sources */,
				A5110D93265C9B30009FE81A /* MovieImages.swift in Sources */,
				A5DF2AA0265D7B3300E56814 /* View+Extension.swift in Sources */,
				A5110D8E265C9AD8009FE81A /* MovieImageWorker.swift in Sources */,
				A56BF798265C70FB0085CD29 /* MoviesXApp.swift in Sources */,
				A5D87FFF2660170500CC70B4 /* DetailMovieViewModel.swift in Sources */,
				A5110DDC265D537F009FE81A /* MovieMinitureView.swift in Sources */,
				A5D87F9B265DF82A00CC70B4 /* HomeViewModel.swift in Sources */,
				A5110D74265C94AA009FE81A /* MovieCreditsWorker.swift in Sources */,
				A5D87FC5265EE2D700CC70B4 /* MovieType.swift in Sources */,
				A5D87FA6265EAEA800CC70B4 /* LoaderView.swift in Sources */,
				A5110D44265C8715009FE81A /* MoviesResponse.swift in Sources */,
				A5110D33265C8246009FE81A /* PopularMoviesWorker.swift in Sources */,
				A5D8800A266019E900CC70B4 /* CastingWorker.swift in Sources */,
				A5110D68265C8ED7009FE81A /* NowPlayingMoviesWorker.swift in Sources */,
				A5D8801626602D8F00CC70B4 /* ProfileView.swift in Sources */,
				A5110D3C265C828A009FE81A /* URLSession+Extension.swift in Sources */,
				A5110D82265C95C3009FE81A /* MovieCredits.swift in Sources */,
				A56A929D26603A4E00CEB47E /* ProfileViewModel.swift in Sources */,
				A5DF2AA9265D7BAB00E56814 /* NavigationBarModifier.swift in Sources */,
				A5110D20265C760C009FE81A /* BackendURLWorker.swift in Sources */,
				A5110D56265C8DDB009FE81A /* TopRatedMoviesWorker.swift in Sources */,
				A56BF7A4265C70FE0085CD29 /* MoviesX.xcdatamodeld in Sources */,
				A5110DCA265D45D4009FE81A /* TabBarView.swift in Sources */,
				A5110D0C265C7352009FE81A /* SetupRequestWorker.swift in Sources */,
				A5D87FBD265ECFF500CC70B4 /* String+Extension.swift in Sources */,
				A5110DAB265CA1D1009FE81A /* PersonDetailWorker.swift in Sources */,
				A5D88004266017DF00CC70B4 /* CastMovieResponse.swift in Sources */,
				A5D87FF7265FF41200CC70B4 /* DetailMovieView.swift in Sources */,
			);
			runOnlyForDeploymentPostprocessing = 0;
		};
		A56BF7A6265C70FE0085CD29 /* Sources */ = {
			isa = PBXSourcesBuildPhase;
			buildActionMask = 2147483647;
			files = (
				A5ED0E4D26609A5500761C94 /* MockUpcomingMoviesWorker.swift in Sources */,
				A5ED0E5B2660A7F600761C94 /* MovieDetailTest.swift in Sources */,
				A5D87FEE265F421500CC70B4 /* MockPopularMoviesWorker.swift in Sources */,
				A56BF7AF265C70FE0085CD29 /* MoviesXTests.swift in Sources */,
				A5D87FE9265F403200CC70B4 /* HomeViewModelTest.swift in Sources */,
				A5ED0E5526609F5C00761C94 /* MockNowPlayingMoviesWorker.swift in Sources */,
				A5ED0E3E26608F2B00761C94 /* MockTopRatedMoviesWorker.swift in Sources */,
			);
			runOnlyForDeploymentPostprocessing = 0;
		};
		A56BF7B1265C70FE0085CD29 /* Sources */ = {
			isa = PBXSourcesBuildPhase;
			buildActionMask = 2147483647;
			files = (
				A56BF7BA265C70FE0085CD29 /* MoviesXUITests.swift in Sources */,
			);
			runOnlyForDeploymentPostprocessing = 0;
		};
/* End PBXSourcesBuildPhase section */

/* Begin PBXTargetDependency section */
		A56BF7AC265C70FE0085CD29 /* PBXTargetDependency */ = {
			isa = PBXTargetDependency;
			target = A56BF793265C70FB0085CD29 /* MoviesX */;
			targetProxy = A56BF7AB265C70FE0085CD29 /* PBXContainerItemProxy */;
		};
		A56BF7B7265C70FE0085CD29 /* PBXTargetDependency */ = {
			isa = PBXTargetDependency;
			target = A56BF793265C70FB0085CD29 /* MoviesX */;
			targetProxy = A56BF7B6265C70FE0085CD29 /* PBXContainerItemProxy */;
		};
/* End PBXTargetDependency section */

/* Begin PBXVariantGroup section */
		A5D87FB4265ECF9E00CC70B4 /* Localizable.strings */ = {
			isa = PBXVariantGroup;
			children = (
				A5D87FB3265ECF9E00CC70B4 /* en */,
				A5D87FB8265ECFBE00CC70B4 /* es */,
			);
			name = Localizable.strings;
			sourceTree = "<group>";
		};
/* End PBXVariantGroup section */

/* Begin XCBuildConfiguration section */
		A56BF7BC265C70FE0085CD29 /* Debug */ = {
			isa = XCBuildConfiguration;
			baseConfigurationReference = A5110D26265C7E77009FE81A /* Debug.xcconfig */;
			buildSettings = {
				ALWAYS_SEARCH_USER_PATHS = NO;
				CLANG_ANALYZER_LOCALIZABILITY_NONLOCALIZED = YES;
				CLANG_ANALYZER_NONNULL = YES;
				CLANG_ANALYZER_NUMBER_OBJECT_CONVERSION = YES_AGGRESSIVE;
				CLANG_CXX_LANGUAGE_STANDARD = "gnu++14";
				CLANG_CXX_LIBRARY = "libc++";
				CLANG_ENABLE_MODULES = YES;
				CLANG_ENABLE_OBJC_ARC = YES;
				CLANG_ENABLE_OBJC_WEAK = YES;
				CLANG_WARN_BLOCK_CAPTURE_AUTORELEASING = YES;
				CLANG_WARN_BOOL_CONVERSION = YES;
				CLANG_WARN_COMMA = YES;
				CLANG_WARN_CONSTANT_CONVERSION = YES;
				CLANG_WARN_DEPRECATED_OBJC_IMPLEMENTATIONS = YES;
				CLANG_WARN_DIRECT_OBJC_ISA_USAGE = YES_ERROR;
				CLANG_WARN_DOCUMENTATION_COMMENTS = YES;
				CLANG_WARN_EMPTY_BODY = YES;
				CLANG_WARN_ENUM_CONVERSION = YES;
				CLANG_WARN_INFINITE_RECURSION = YES;
				CLANG_WARN_INT_CONVERSION = YES;
				CLANG_WARN_NON_LITERAL_NULL_CONVERSION = YES;
				CLANG_WARN_OBJC_IMPLICIT_RETAIN_SELF = YES;
				CLANG_WARN_OBJC_LITERAL_CONVERSION = YES;
				CLANG_WARN_OBJC_ROOT_CLASS = YES_ERROR;
				CLANG_WARN_QUOTED_INCLUDE_IN_FRAMEWORK_HEADER = YES;
				CLANG_WARN_RANGE_LOOP_ANALYSIS = YES;
				CLANG_WARN_STRICT_PROTOTYPES = YES;
				CLANG_WARN_SUSPICIOUS_MOVE = YES;
				CLANG_WARN_UNGUARDED_AVAILABILITY = YES_AGGRESSIVE;
				CLANG_WARN_UNREACHABLE_CODE = YES;
				CLANG_WARN__DUPLICATE_METHOD_MATCH = YES;
				COPY_PHASE_STRIP = NO;
				DEBUG_INFORMATION_FORMAT = dwarf;
				ENABLE_STRICT_OBJC_MSGSEND = YES;
				ENABLE_TESTABILITY = YES;
				GCC_C_LANGUAGE_STANDARD = gnu11;
				GCC_DYNAMIC_NO_PIC = NO;
				GCC_NO_COMMON_BLOCKS = YES;
				GCC_OPTIMIZATION_LEVEL = 0;
				GCC_PREPROCESSOR_DEFINITIONS = (
					"DEBUG=1",
					"$(inherited)",
				);
				GCC_WARN_64_TO_32_BIT_CONVERSION = YES;
				GCC_WARN_ABOUT_RETURN_TYPE = YES_ERROR;
				GCC_WARN_UNDECLARED_SELECTOR = YES;
				GCC_WARN_UNINITIALIZED_AUTOS = YES_AGGRESSIVE;
				GCC_WARN_UNUSED_FUNCTION = YES;
				GCC_WARN_UNUSED_VARIABLE = YES;
				IPHONEOS_DEPLOYMENT_TARGET = 14.4;
				MTL_ENABLE_DEBUG_INFO = INCLUDE_SOURCE;
				MTL_FAST_MATH = YES;
				ONLY_ACTIVE_ARCH = YES;
				SDKROOT = iphoneos;
				SWIFT_ACTIVE_COMPILATION_CONDITIONS = DEBUG;
				SWIFT_OPTIMIZATION_LEVEL = "-Onone";
			};
			name = Debug;
		};
		A56BF7BD265C70FE0085CD29 /* Release */ = {
			isa = XCBuildConfiguration;
			baseConfigurationReference = A5110D2A265C7EFA009FE81A /* Release.xcconfig */;
			buildSettings = {
				ALWAYS_SEARCH_USER_PATHS = NO;
				CLANG_ANALYZER_LOCALIZABILITY_NONLOCALIZED = YES;
				CLANG_ANALYZER_NONNULL = YES;
				CLANG_ANALYZER_NUMBER_OBJECT_CONVERSION = YES_AGGRESSIVE;
				CLANG_CXX_LANGUAGE_STANDARD = "gnu++14";
				CLANG_CXX_LIBRARY = "libc++";
				CLANG_ENABLE_MODULES = YES;
				CLANG_ENABLE_OBJC_ARC = YES;
				CLANG_ENABLE_OBJC_WEAK = YES;
				CLANG_WARN_BLOCK_CAPTURE_AUTORELEASING = YES;
				CLANG_WARN_BOOL_CONVERSION = YES;
				CLANG_WARN_COMMA = YES;
				CLANG_WARN_CONSTANT_CONVERSION = YES;
				CLANG_WARN_DEPRECATED_OBJC_IMPLEMENTATIONS = YES;
				CLANG_WARN_DIRECT_OBJC_ISA_USAGE = YES_ERROR;
				CLANG_WARN_DOCUMENTATION_COMMENTS = YES;
				CLANG_WARN_EMPTY_BODY = YES;
				CLANG_WARN_ENUM_CONVERSION = YES;
				CLANG_WARN_INFINITE_RECURSION = YES;
				CLANG_WARN_INT_CONVERSION = YES;
				CLANG_WARN_NON_LITERAL_NULL_CONVERSION = YES;
				CLANG_WARN_OBJC_IMPLICIT_RETAIN_SELF = YES;
				CLANG_WARN_OBJC_LITERAL_CONVERSION = YES;
				CLANG_WARN_OBJC_ROOT_CLASS = YES_ERROR;
				CLANG_WARN_QUOTED_INCLUDE_IN_FRAMEWORK_HEADER = YES;
				CLANG_WARN_RANGE_LOOP_ANALYSIS = YES;
				CLANG_WARN_STRICT_PROTOTYPES = YES;
				CLANG_WARN_SUSPICIOUS_MOVE = YES;
				CLANG_WARN_UNGUARDED_AVAILABILITY = YES_AGGRESSIVE;
				CLANG_WARN_UNREACHABLE_CODE = YES;
				CLANG_WARN__DUPLICATE_METHOD_MATCH = YES;
				COPY_PHASE_STRIP = NO;
				DEBUG_INFORMATION_FORMAT = "dwarf-with-dsym";
				ENABLE_NS_ASSERTIONS = NO;
				ENABLE_STRICT_OBJC_MSGSEND = YES;
				GCC_C_LANGUAGE_STANDARD = gnu11;
				GCC_NO_COMMON_BLOCKS = YES;
				GCC_WARN_64_TO_32_BIT_CONVERSION = YES;
				GCC_WARN_ABOUT_RETURN_TYPE = YES_ERROR;
				GCC_WARN_UNDECLARED_SELECTOR = YES;
				GCC_WARN_UNINITIALIZED_AUTOS = YES_AGGRESSIVE;
				GCC_WARN_UNUSED_FUNCTION = YES;
				GCC_WARN_UNUSED_VARIABLE = YES;
				IPHONEOS_DEPLOYMENT_TARGET = 14.4;
				MTL_ENABLE_DEBUG_INFO = NO;
				MTL_FAST_MATH = YES;
				SDKROOT = iphoneos;
				SWIFT_COMPILATION_MODE = wholemodule;
				SWIFT_OPTIMIZATION_LEVEL = "-O";
				VALIDATE_PRODUCT = YES;
			};
			name = Release;
		};
		A56BF7BF265C70FE0085CD29 /* Debug */ = {
			isa = XCBuildConfiguration;
			buildSettings = {
				ASSETCATALOG_COMPILER_APPICON_NAME = AppIcon;
				ASSETCATALOG_COMPILER_GLOBAL_ACCENT_COLOR_NAME = AccentColor;
				CODE_SIGN_STYLE = Automatic;
				DEVELOPMENT_ASSET_PATHS = "\"MoviesX/Preview Content\"";
				DEVELOPMENT_TEAM = 645UX58X3D;
				ENABLE_PREVIEWS = YES;
				INFOPLIST_FILE = MoviesX/Info.plist;
				IPHONEOS_DEPLOYMENT_TARGET = 14.0;
				LD_RUNPATH_SEARCH_PATHS = (
					"$(inherited)",
					"@executable_path/Frameworks",
				);
				PRODUCT_BUNDLE_IDENTIFIER = com.wilmer.mendoza.MoviesX;
				PRODUCT_NAME = "$(TARGET_NAME)";
				SWIFT_VERSION = 5.0;
				TARGETED_DEVICE_FAMILY = "1,2";
			};
			name = Debug;
		};
		A56BF7C0265C70FE0085CD29 /* Release */ = {
			isa = XCBuildConfiguration;
			buildSettings = {
				ASSETCATALOG_COMPILER_APPICON_NAME = AppIcon;
				ASSETCATALOG_COMPILER_GLOBAL_ACCENT_COLOR_NAME = AccentColor;
				CODE_SIGN_STYLE = Automatic;
				DEVELOPMENT_ASSET_PATHS = "\"MoviesX/Preview Content\"";
				DEVELOPMENT_TEAM = 645UX58X3D;
				ENABLE_PREVIEWS = YES;
				INFOPLIST_FILE = MoviesX/Info.plist;
				IPHONEOS_DEPLOYMENT_TARGET = 14.0;
				LD_RUNPATH_SEARCH_PATHS = (
					"$(inherited)",
					"@executable_path/Frameworks",
				);
				PRODUCT_BUNDLE_IDENTIFIER = com.wilmer.mendoza.MoviesX;
				PRODUCT_NAME = "$(TARGET_NAME)";
				SWIFT_VERSION = 5.0;
				TARGETED_DEVICE_FAMILY = "1,2";
			};
			name = Release;
		};
		A56BF7C2265C70FE0085CD29 /* Debug */ = {
			isa = XCBuildConfiguration;
			buildSettings = {
				ALWAYS_EMBED_SWIFT_STANDARD_LIBRARIES = YES;
				BUNDLE_LOADER = "$(TEST_HOST)";
				CODE_SIGN_STYLE = Automatic;
				DEVELOPMENT_TEAM = 645UX58X3D;
				INFOPLIST_FILE = MoviesXTests/Info.plist;
				IPHONEOS_DEPLOYMENT_TARGET = 14.0;
				LD_RUNPATH_SEARCH_PATHS = (
					"$(inherited)",
					"@executable_path/Frameworks",
					"@loader_path/Frameworks",
				);
				PRODUCT_BUNDLE_IDENTIFIER = com.wilmer.mendoza.MoviesXTests;
				PRODUCT_NAME = "$(TARGET_NAME)";
				SWIFT_VERSION = 5.0;
				TARGETED_DEVICE_FAMILY = "1,2";
				TEST_HOST = "$(BUILT_PRODUCTS_DIR)/MoviesX.app/MoviesX";
			};
			name = Debug;
		};
		A56BF7C3265C70FE0085CD29 /* Release */ = {
			isa = XCBuildConfiguration;
			buildSettings = {
				ALWAYS_EMBED_SWIFT_STANDARD_LIBRARIES = YES;
				BUNDLE_LOADER = "$(TEST_HOST)";
				CODE_SIGN_STYLE = Automatic;
				DEVELOPMENT_TEAM = 645UX58X3D;
				INFOPLIST_FILE = MoviesXTests/Info.plist;
				IPHONEOS_DEPLOYMENT_TARGET = 14.0;
				LD_RUNPATH_SEARCH_PATHS = (
					"$(inherited)",
					"@executable_path/Frameworks",
					"@loader_path/Frameworks",
				);
				PRODUCT_BUNDLE_IDENTIFIER = com.wilmer.mendoza.MoviesXTests;
				PRODUCT_NAME = "$(TARGET_NAME)";
				SWIFT_VERSION = 5.0;
				TARGETED_DEVICE_FAMILY = "1,2";
				TEST_HOST = "$(BUILT_PRODUCTS_DIR)/MoviesX.app/MoviesX";
			};
			name = Release;
		};
		A56BF7C5265C70FE0085CD29 /* Debug */ = {
			isa = XCBuildConfiguration;
			buildSettings = {
				ALWAYS_EMBED_SWIFT_STANDARD_LIBRARIES = YES;
				CODE_SIGN_STYLE = Automatic;
				DEVELOPMENT_TEAM = 645UX58X3D;
				INFOPLIST_FILE = MoviesXUITests/Info.plist;
				LD_RUNPATH_SEARCH_PATHS = (
					"$(inherited)",
					"@executable_path/Frameworks",
					"@loader_path/Frameworks",
				);
				PRODUCT_BUNDLE_IDENTIFIER = com.wilmer.mendoza.MoviesXUITests;
				PRODUCT_NAME = "$(TARGET_NAME)";
				SWIFT_VERSION = 5.0;
				TARGETED_DEVICE_FAMILY = "1,2";
				TEST_TARGET_NAME = MoviesX;
			};
			name = Debug;
		};
		A56BF7C6265C70FE0085CD29 /* Release */ = {
			isa = XCBuildConfiguration;
			buildSettings = {
				ALWAYS_EMBED_SWIFT_STANDARD_LIBRARIES = YES;
				CODE_SIGN_STYLE = Automatic;
				DEVELOPMENT_TEAM = 645UX58X3D;
				INFOPLIST_FILE = MoviesXUITests/Info.plist;
				LD_RUNPATH_SEARCH_PATHS = (
					"$(inherited)",
					"@executable_path/Frameworks",
					"@loader_path/Frameworks",
				);
				PRODUCT_BUNDLE_IDENTIFIER = com.wilmer.mendoza.MoviesXUITests;
				PRODUCT_NAME = "$(TARGET_NAME)";
				SWIFT_VERSION = 5.0;
				TARGETED_DEVICE_FAMILY = "1,2";
				TEST_TARGET_NAME = MoviesX;
			};
			name = Release;
		};
/* End XCBuildConfiguration section */

/* Begin XCConfigurationList section */
		A56BF78F265C70FB0085CD29 /* Build configuration list for PBXProject "MoviesX" */ = {
			isa = XCConfigurationList;
			buildConfigurations = (
				A56BF7BC265C70FE0085CD29 /* Debug */,
				A56BF7BD265C70FE0085CD29 /* Release */,
			);
			defaultConfigurationIsVisible = 0;
			defaultConfigurationName = Release;
		};
		A56BF7BE265C70FE0085CD29 /* Build configuration list for PBXNativeTarget "MoviesX" */ = {
			isa = XCConfigurationList;
			buildConfigurations = (
				A56BF7BF265C70FE0085CD29 /* Debug */,
				A56BF7C0265C70FE0085CD29 /* Release */,
			);
			defaultConfigurationIsVisible = 0;
			defaultConfigurationName = Release;
		};
		A56BF7C1265C70FE0085CD29 /* Build configuration list for PBXNativeTarget "MoviesXTests" */ = {
			isa = XCConfigurationList;
			buildConfigurations = (
				A56BF7C2265C70FE0085CD29 /* Debug */,
				A56BF7C3265C70FE0085CD29 /* Release */,
			);
			defaultConfigurationIsVisible = 0;
			defaultConfigurationName = Release;
		};
		A56BF7C4265C70FE0085CD29 /* Build configuration list for PBXNativeTarget "MoviesXUITests" */ = {
			isa = XCConfigurationList;
			buildConfigurations = (
				A56BF7C5265C70FE0085CD29 /* Debug */,
				A56BF7C6265C70FE0085CD29 /* Release */,
			);
			defaultConfigurationIsVisible = 0;
			defaultConfigurationName = Release;
		};
/* End XCConfigurationList section */

/* Begin XCRemoteSwiftPackageReference section */
		A5110DBD265CBFCB009FE81A /* XCRemoteSwiftPackageReference "Kingfisher" */ = {
			isa = XCRemoteSwiftPackageReference;
			repositoryURL = "https://github.com/onevcat/Kingfisher.git";
			requirement = {
				kind = upToNextMajorVersion;
				minimumVersion = 6.3.0;
			};
		};
/* End XCRemoteSwiftPackageReference section */

/* Begin XCSwiftPackageProductDependency section */
		A5110DBE265CBFCB009FE81A /* Kingfisher */ = {
			isa = XCSwiftPackageProductDependency;
			package = A5110DBD265CBFCB009FE81A /* XCRemoteSwiftPackageReference "Kingfisher" */;
			productName = Kingfisher;
		};
/* End XCSwiftPackageProductDependency section */

/* Begin XCVersionGroup section */
		A56BF7A2265C70FE0085CD29 /* MoviesX.xcdatamodeld */ = {
			isa = XCVersionGroup;
			children = (
				A56BF7A3265C70FE0085CD29 /* MoviesX.xcdatamodel */,
			);
			currentVersion = A56BF7A3265C70FE0085CD29 /* MoviesX.xcdatamodel */;
			path = MoviesX.xcdatamodeld;
			sourceTree = "<group>";
			versionGroupType = wrapper.xcdatamodel;
		};
/* End XCVersionGroup section */
	};
	rootObject = A56BF78C265C70FB0085CD29 /* Project object */;
}
